// !$*UTF8*$!
{
	archiveVersion = 1;
	classes = {
	};
	objectVersion = 46;
	objects = {

/* Begin PBXBuildFile section */
		8A1463D01E367F01000B5EE4 /* Piechart.swift in Sources */ = {isa = PBXBuildFile; fileRef = 8A1463CF1E367F01000B5EE4 /* Piechart.swift */; };
		8A25EE1E1E36713600116D67 /* ChartsFunctions.swift in Sources */ = {isa = PBXBuildFile; fileRef = 8A25EE1D1E36713600116D67 /* ChartsFunctions.swift */; };
		8A25EE261E367AB400116D67 /* MapKit.framework in Frameworks */ = {isa = PBXBuildFile; fileRef = 8A25EE251E367AB400116D67 /* MapKit.framework */; };
		8AEE93731E36651400C99D24 /* Charts.framework in Frameworks */ = {isa = PBXBuildFile; fileRef = 8AEE936E1E3664B700C99D24 /* Charts.framework */; };
		8AEE93741E36651400C99D24 /* Charts.framework in Embed Frameworks */ = {isa = PBXBuildFile; fileRef = 8AEE936E1E3664B700C99D24 /* Charts.framework */; settings = {ATTRIBUTES = (CodeSignOnCopy, RemoveHeadersOnCopy, ); }; };
		8AF5E3FA1D512556006D16A7 /* LaunchScreen.storyboard in Resources */ = {isa = PBXBuildFile; fileRef = 8AF5E3F81D512556006D16A7 /* LaunchScreen.storyboard */; };
		8AF5E3FB1D512556006D16A7 /* Main.storyboard in Resources */ = {isa = PBXBuildFile; fileRef = 8AF5E3F91D512556006D16A7 /* Main.storyboard */; };
		8AF5E4151D5125B0006D16A7 /* AppDelegate.swift in Sources */ = {isa = PBXBuildFile; fileRef = 8AF5E3FD1D5125B0006D16A7 /* AppDelegate.swift */; };
		8AF5E4161D5125B0006D16A7 /* Classes.swift in Sources */ = {isa = PBXBuildFile; fileRef = 8AF5E3FE1D5125B0006D16A7 /* Classes.swift */; };
		8AF5E4171D5125B0006D16A7 /* DAOLocal.swift in Sources */ = {isa = PBXBuildFile; fileRef = 8AF5E3FF1D5125B0006D16A7 /* DAOLocal.swift */; };
		8AF5E4181D5125B0006D16A7 /* extensions.swift in Sources */ = {isa = PBXBuildFile; fileRef = 8AF5E4001D5125B0006D16A7 /* extensions.swift */; };
		8AF5E4191D5125B0006D16A7 /* FiltrarViewController.swift in Sources */ = {isa = PBXBuildFile; fileRef = 8AF5E4011D5125B0006D16A7 /* FiltrarViewController.swift */; };
		8AF5E41A1D5125B0006D16A7 /* Filtros.swift in Sources */ = {isa = PBXBuildFile; fileRef = 8AF5E4021D5125B0006D16A7 /* Filtros.swift */; };
		8AF5E41B1D5125B0006D16A7 /* Gasto.swift in Sources */ = {isa = PBXBuildFile; fileRef = 8AF5E4031D5125B0006D16A7 /* Gasto.swift */; };
		8AF5E41C1D5125B0006D16A7 /* GastoManualViewController.swift in Sources */ = {isa = PBXBuildFile; fileRef = 8AF5E4041D5125B0006D16A7 /* GastoManualViewController.swift */; };
		8AF5E41D1D5125B0006D16A7 /* GraficoViewController.swift in Sources */ = {isa = PBXBuildFile; fileRef = 8AF5E4051D5125B0006D16A7 /* GraficoViewController.swift */; };
		8AF5E41E1D5125B0006D16A7 /* HistoricoTabelaViewController.swift in Sources */ = {isa = PBXBuildFile; fileRef = 8AF5E4061D5125B0006D16A7 /* HistoricoTabelaViewController.swift */; };
		8AF5E4201D5125B0006D16A7 /* LoginCLoudViewController.swift in Sources */ = {isa = PBXBuildFile; fileRef = 8AF5E4081D5125B0006D16A7 /* LoginCLoudViewController.swift */; };
		8AF5E4211D5125B0006D16A7 /* MainViewController.swift in Sources */ = {isa = PBXBuildFile; fileRef = 8AF5E4091D5125B0006D16A7 /* MainViewController.swift */; };
		8AF5E4221D5125B0006D16A7 /* OrdenarViewController.swift in Sources */ = {isa = PBXBuildFile; fileRef = 8AF5E40A1D5125B0006D16A7 /* OrdenarViewController.swift */; };
		8AF5E4231D5125B0006D16A7 /* PickerView.swift in Sources */ = {isa = PBXBuildFile; fileRef = 8AF5E40B1D5125B0006D16A7 /* PickerView.swift */; };
		8AF5E4241D5125B0006D16A7 /* QRCodeViewController.swift in Sources */ = {isa = PBXBuildFile; fileRef = 8AF5E40C1D5125B0006D16A7 /* QRCodeViewController.swift */; };
		8AF5E4251D5125B0006D16A7 /* quickSort.swift in Sources */ = {isa = PBXBuildFile; fileRef = 8AF5E40D1D5125B0006D16A7 /* quickSort.swift */; };
		8AF5E4261D5125B0006D16A7 /* SettingsViewController.swift in Sources */ = {isa = PBXBuildFile; fileRef = 8AF5E40E1D5125B0006D16A7 /* SettingsViewController.swift */; };
		8AF5E4271D5125B0006D16A7 /* SimplePList.swift in Sources */ = {isa = PBXBuildFile; fileRef = 8AF5E40F1D5125B0006D16A7 /* SimplePList.swift */; };
		8AF5E4281D5125B0006D16A7 /* TableViewCell.swift in Sources */ = {isa = PBXBuildFile; fileRef = 8AF5E4101D5125B0006D16A7 /* TableViewCell.swift */; };
		8AF5E4291D5125B0006D16A7 /* TsukushiAMaruGothic.ttc in Resources */ = {isa = PBXBuildFile; fileRef = 8AF5E4111D5125B0006D16A7 /* TsukushiAMaruGothic.ttc */; };
		8AF5E42A1D5125B0006D16A7 /* TsukushiBMaruGothic.ttc in Resources */ = {isa = PBXBuildFile; fileRef = 8AF5E4121D5125B0006D16A7 /* TsukushiBMaruGothic.ttc */; };
		8AF5E42B1D5125B0006D16A7 /* User.plist in Resources */ = {isa = PBXBuildFile; fileRef = 8AF5E4131D5125B0006D16A7 /* User.plist */; };
		8AF5E42C1D5125B0006D16A7 /* User.swift in Sources */ = {isa = PBXBuildFile; fileRef = 8AF5E4141D5125B0006D16A7 /* User.swift */; };
		8AF5E4331D5127D4006D16A7 /* Model.xcdatamodeld in Sources */ = {isa = PBXBuildFile; fileRef = 8AF5E4311D5127D4006D16A7 /* Model.xcdatamodeld */; };
		8AF5E4351D51307A006D16A7 /* Assets.xcassets in Resources */ = {isa = PBXBuildFile; fileRef = 8AF5E4341D51307A006D16A7 /* Assets.xcassets */; };
/* End PBXBuildFile section */

/* Begin PBXContainerItemProxy section */
		8A1463CB1E367EC4000B5EE4 /* PBXContainerItemProxy */ = {
			isa = PBXContainerItemProxy;
			containerPortal = 8A1463C41E367EC4000B5EE4 /* swift-piechart.xcodeproj */;
			proxyType = 2;
			remoteGlobalIDString = 3BAFC8A81ABB405E00DAB397;
			remoteInfo = "swift-piechart";
		};
		8A1463CD1E367EC4000B5EE4 /* PBXContainerItemProxy */ = {
			isa = PBXContainerItemProxy;
			containerPortal = 8A1463C41E367EC4000B5EE4 /* swift-piechart.xcodeproj */;
			proxyType = 2;
			remoteGlobalIDString = 3BAFC8BD1ABB405E00DAB397;
			remoteInfo = "swift-piechartTests";
		};
		8AEE936D1E3664B700C99D24 /* PBXContainerItemProxy */ = {
			isa = PBXContainerItemProxy;
			containerPortal = 8AEE93671E3664B700C99D24 /* Charts.xcodeproj */;
			proxyType = 2;
			remoteGlobalIDString = 06165F241D8110E600722320;
			remoteInfo = Charts;
		};
		8AEE936F1E3664B700C99D24 /* PBXContainerItemProxy */ = {
			isa = PBXContainerItemProxy;
			containerPortal = 8AEE93671E3664B700C99D24 /* Charts.xcodeproj */;
			proxyType = 2;
			remoteGlobalIDString = 06B120D51D811E6200D14B02;
			remoteInfo = ChartsRealm;
		};
		8AEE93711E3664B700C99D24 /* PBXContainerItemProxy */ = {
			isa = PBXContainerItemProxy;
			containerPortal = 8AEE93671E3664B700C99D24 /* Charts.xcodeproj */;
			proxyType = 2;
			remoteGlobalIDString = 06165F2E1D8110E600722320;
			remoteInfo = ChartsTests;
		};
		8AEE93751E36651400C99D24 /* PBXContainerItemProxy */ = {
			isa = PBXContainerItemProxy;
			containerPortal = 8AEE93671E3664B700C99D24 /* Charts.xcodeproj */;
			proxyType = 1;
			remoteGlobalIDString = 06165F231D8110E600722320;
			remoteInfo = Charts;
		};
/* End PBXContainerItemProxy section */

/* Begin PBXCopyFilesBuildPhase section */
		9C1FE1181E365A8100EAC72F /* Embed Frameworks */ = {
			isa = PBXCopyFilesBuildPhase;
			buildActionMask = 2147483647;
			dstPath = "";
			dstSubfolderSpec = 10;
			files = (
				8AEE93741E36651400C99D24 /* Charts.framework in Embed Frameworks */,
			);
			name = "Embed Frameworks";
			runOnlyForDeploymentPostprocessing = 0;
		};
/* End PBXCopyFilesBuildPhase section */

/* Begin PBXFileReference section */
		8A1463C41E367EC4000B5EE4 /* swift-piechart.xcodeproj */ = {isa = PBXFileReference; lastKnownFileType = "wrapper.pb-project"; name = "swift-piechart.xcodeproj"; path = "../../Downloads/swift-piechart-master/swift-piechart.xcodeproj"; sourceTree = "<group>"; };
		8A1463CF1E367F01000B5EE4 /* Piechart.swift */ = {isa = PBXFileReference; fileEncoding = 4; lastKnownFileType = sourcecode.swift; name = Piechart.swift; path = "../../../Downloads/swift-piechart-master/swift-piechart/Piechart.swift"; sourceTree = "<group>"; };
		8A25EE1D1E36713600116D67 /* ChartsFunctions.swift */ = {isa = PBXFileReference; fileEncoding = 4; lastKnownFileType = sourcecode.swift; path = ChartsFunctions.swift; sourceTree = "<group>"; };
		8A25EE251E367AB400116D67 /* MapKit.framework */ = {isa = PBXFileReference; lastKnownFileType = wrapper.framework; name = MapKit.framework; path = System/Library/Frameworks/MapKit.framework; sourceTree = SDKROOT; };
		8AEE93671E3664B700C99D24 /* Charts.xcodeproj */ = {isa = PBXFileReference; lastKnownFileType = "wrapper.pb-project"; name = Charts.xcodeproj; path = "../../Downloads/Charts-master/Charts.xcodeproj"; sourceTree = "<group>"; };
		8AF5E3E01D5124CF006D16A7 /* GasteiLocal.app */ = {isa = PBXFileReference; explicitFileType = wrapper.application; includeInIndex = 0; path = GasteiLocal.app; sourceTree = BUILT_PRODUCTS_DIR; };
		8AF5E3F81D512556006D16A7 /* LaunchScreen.storyboard */ = {isa = PBXFileReference; fileEncoding = 4; lastKnownFileType = file.storyboard; name = LaunchScreen.storyboard; path = ../LaunchScreen.storyboard; sourceTree = "<group>"; };
		8AF5E3F91D512556006D16A7 /* Main.storyboard */ = {isa = PBXFileReference; fileEncoding = 4; lastKnownFileType = file.storyboard; name = Main.storyboard; path = ../Main.storyboard; sourceTree = "<group>"; };
		8AF5E3FC1D5125AF006D16A7 /* GasteiLocal-Bridging-Header.h */ = {isa = PBXFileReference; lastKnownFileType = sourcecode.c.h; path = "GasteiLocal-Bridging-Header.h"; sourceTree = "<group>"; };
		8AF5E3FD1D5125B0006D16A7 /* AppDelegate.swift */ = {isa = PBXFileReference; fileEncoding = 4; lastKnownFileType = sourcecode.swift; path = AppDelegate.swift; sourceTree = "<group>"; };
		8AF5E3FE1D5125B0006D16A7 /* Classes.swift */ = {isa = PBXFileReference; fileEncoding = 4; lastKnownFileType = sourcecode.swift; path = Classes.swift; sourceTree = "<group>"; };
		8AF5E3FF1D5125B0006D16A7 /* DAOLocal.swift */ = {isa = PBXFileReference; fileEncoding = 4; lastKnownFileType = sourcecode.swift; path = DAOLocal.swift; sourceTree = "<group>"; };
		8AF5E4001D5125B0006D16A7 /* extensions.swift */ = {isa = PBXFileReference; fileEncoding = 4; lastKnownFileType = sourcecode.swift; path = extensions.swift; sourceTree = "<group>"; };
		8AF5E4011D5125B0006D16A7 /* FiltrarViewController.swift */ = {isa = PBXFileReference; fileEncoding = 4; lastKnownFileType = sourcecode.swift; path = FiltrarViewController.swift; sourceTree = "<group>"; };
		8AF5E4021D5125B0006D16A7 /* Filtros.swift */ = {isa = PBXFileReference; fileEncoding = 4; lastKnownFileType = sourcecode.swift; path = Filtros.swift; sourceTree = "<group>"; };
		8AF5E4031D5125B0006D16A7 /* Gasto.swift */ = {isa = PBXFileReference; fileEncoding = 4; lastKnownFileType = sourcecode.swift; path = Gasto.swift; sourceTree = "<group>"; };
		8AF5E4041D5125B0006D16A7 /* GastoManualViewController.swift */ = {isa = PBXFileReference; fileEncoding = 4; lastKnownFileType = sourcecode.swift; path = GastoManualViewController.swift; sourceTree = "<group>"; };
		8AF5E4051D5125B0006D16A7 /* GraficoViewController.swift */ = {isa = PBXFileReference; fileEncoding = 4; lastKnownFileType = sourcecode.swift; path = GraficoViewController.swift; sourceTree = "<group>"; };
		8AF5E4061D5125B0006D16A7 /* HistoricoTabelaViewController.swift */ = {isa = PBXFileReference; fileEncoding = 4; lastKnownFileType = sourcecode.swift; path = HistoricoTabelaViewController.swift; sourceTree = "<group>"; };
		8AF5E4071D5125B0006D16A7 /* Info.plist */ = {isa = PBXFileReference; fileEncoding = 4; lastKnownFileType = text.plist.xml; path = Info.plist; sourceTree = "<group>"; };
		8AF5E4081D5125B0006D16A7 /* LoginCLoudViewController.swift */ = {isa = PBXFileReference; fileEncoding = 4; lastKnownFileType = sourcecode.swift; path = LoginCLoudViewController.swift; sourceTree = "<group>"; };
		8AF5E4091D5125B0006D16A7 /* MainViewController.swift */ = {isa = PBXFileReference; fileEncoding = 4; lastKnownFileType = sourcecode.swift; path = MainViewController.swift; sourceTree = "<group>"; };
		8AF5E40A1D5125B0006D16A7 /* OrdenarViewController.swift */ = {isa = PBXFileReference; fileEncoding = 4; lastKnownFileType = sourcecode.swift; path = OrdenarViewController.swift; sourceTree = "<group>"; };
		8AF5E40B1D5125B0006D16A7 /* PickerView.swift */ = {isa = PBXFileReference; fileEncoding = 4; lastKnownFileType = sourcecode.swift; path = PickerView.swift; sourceTree = "<group>"; };
		8AF5E40C1D5125B0006D16A7 /* QRCodeViewController.swift */ = {isa = PBXFileReference; fileEncoding = 4; lastKnownFileType = sourcecode.swift; path = QRCodeViewController.swift; sourceTree = "<group>"; };
		8AF5E40D1D5125B0006D16A7 /* quickSort.swift */ = {isa = PBXFileReference; fileEncoding = 4; lastKnownFileType = sourcecode.swift; path = quickSort.swift; sourceTree = "<group>"; };
		8AF5E40E1D5125B0006D16A7 /* SettingsViewController.swift */ = {isa = PBXFileReference; fileEncoding = 4; lastKnownFileType = sourcecode.swift; path = SettingsViewController.swift; sourceTree = "<group>"; };
		8AF5E40F1D5125B0006D16A7 /* SimplePList.swift */ = {isa = PBXFileReference; fileEncoding = 4; lastKnownFileType = sourcecode.swift; path = SimplePList.swift; sourceTree = "<group>"; };
		8AF5E4101D5125B0006D16A7 /* TableViewCell.swift */ = {isa = PBXFileReference; fileEncoding = 4; lastKnownFileType = sourcecode.swift; path = TableViewCell.swift; sourceTree = "<group>"; };
		8AF5E4111D5125B0006D16A7 /* TsukushiAMaruGothic.ttc */ = {isa = PBXFileReference; lastKnownFileType = file; path = TsukushiAMaruGothic.ttc; sourceTree = "<group>"; };
		8AF5E4121D5125B0006D16A7 /* TsukushiBMaruGothic.ttc */ = {isa = PBXFileReference; lastKnownFileType = file; path = TsukushiBMaruGothic.ttc; sourceTree = "<group>"; };
		8AF5E4131D5125B0006D16A7 /* User.plist */ = {isa = PBXFileReference; fileEncoding = 4; lastKnownFileType = text.plist.xml; path = User.plist; sourceTree = "<group>"; };
		8AF5E4141D5125B0006D16A7 /* User.swift */ = {isa = PBXFileReference; fileEncoding = 4; lastKnownFileType = sourcecode.swift; path = User.swift; sourceTree = "<group>"; };
		8AF5E4321D5127D4006D16A7 /* Model.xcdatamodel */ = {isa = PBXFileReference; lastKnownFileType = wrapper.xcdatamodel; path = Model.xcdatamodel; sourceTree = "<group>"; };
		8AF5E4341D51307A006D16A7 /* Assets.xcassets */ = {isa = PBXFileReference; lastKnownFileType = folder.assetcatalog; path = Assets.xcassets; sourceTree = "<group>"; };
/* End PBXFileReference section */

/* Begin PBXFrameworksBuildPhase section */
		8AF5E3DD1D5124CF006D16A7 /* Frameworks */ = {
			isa = PBXFrameworksBuildPhase;
			buildActionMask = 2147483647;
			files = (
				8A25EE261E367AB400116D67 /* MapKit.framework in Frameworks */,
				8AEE93731E36651400C99D24 /* Charts.framework in Frameworks */,
			);
			runOnlyForDeploymentPostprocessing = 0;
		};
/* End PBXFrameworksBuildPhase section */

/* Begin PBXGroup section */
		491EC749DC4D43D2F2E43D63 /* Pods */ = {
			isa = PBXGroup;
			children = (
			);
			name = Pods;
			sourceTree = "<group>";
		};
		8A1463C51E367EC4000B5EE4 /* Products */ = {
			isa = PBXGroup;
			children = (
				8A1463CC1E367EC4000B5EE4 /* swift-piechart.app */,
				8A1463CE1E367EC4000B5EE4 /* swift-piechartTests.xctest */,
			);
			name = Products;
			sourceTree = "<group>";
		};
		8AEE93651E36596100C99D24 /* View */ = {
			isa = PBXGroup;
			children = (
				8AF5E42D1D5125C1006D16A7 /* Storyboards */,
			);
			name = View;
			path = ..;
			sourceTree = "<group>";
		};
		8AEE93681E3664B700C99D24 /* Products */ = {
			isa = PBXGroup;
			children = (
				8AEE936E1E3664B700C99D24 /* Charts.framework */,
				8AEE93701E3664B700C99D24 /* ChartsRealm.framework */,
				8AEE93721E3664B700C99D24 /* ChartsTests.xctest */,
			);
			name = Products;
			sourceTree = "<group>";
		};
		8AF5E3D71D5124CF006D16A7 = {
			isa = PBXGroup;
			children = (
				8AF5E3E21D5124CF006D16A7 /* GasteiLocal */,
				8AF5E3E11D5124CF006D16A7 /* Products */,
				491EC749DC4D43D2F2E43D63 /* Pods */,
				A8DBDF5A59048CDFED527279 /* Frameworks */,
			);
			sourceTree = "<group>";
		};
		8AF5E3E11D5124CF006D16A7 /* Products */ = {
			isa = PBXGroup;
			children = (
				8AF5E3E01D5124CF006D16A7 /* GasteiLocal.app */,
			);
			name = Products;
			sourceTree = "<group>";
		};
		8AF5E3E21D5124CF006D16A7 /* GasteiLocal */ = {
			isa = PBXGroup;
			children = (
				8AF5E42F1D5125F5006D16A7 /* Model */,
				8AEE93651E36596100C99D24 /* View */,
				8AF5E42E1D5125D3006D16A7 /* Controller */,
			);
			path = GasteiLocal;
			sourceTree = "<group>";
		};
		8AF5E42D1D5125C1006D16A7 /* Storyboards */ = {
			isa = PBXGroup;
			children = (
				8AF5E3F81D512556006D16A7 /* LaunchScreen.storyboard */,
				8AF5E3F91D512556006D16A7 /* Main.storyboard */,
			);
			name = Storyboards;
			path = GasteiLocal;
			sourceTree = "<group>";
		};
		8AF5E42E1D5125D3006D16A7 /* Controller */ = {
			isa = PBXGroup;
			children = (
				8AF5E4011D5125B0006D16A7 /* FiltrarViewController.swift */,
				8AF5E4041D5125B0006D16A7 /* GastoManualViewController.swift */,
				8AF5E4051D5125B0006D16A7 /* GraficoViewController.swift */,
				8AF5E4061D5125B0006D16A7 /* HistoricoTabelaViewController.swift */,
				8AF5E4081D5125B0006D16A7 /* LoginCLoudViewController.swift */,
				8AF5E4091D5125B0006D16A7 /* MainViewController.swift */,
				8AF5E40A1D5125B0006D16A7 /* OrdenarViewController.swift */,
				8AF5E40C1D5125B0006D16A7 /* QRCodeViewController.swift */,
				8AF5E40E1D5125B0006D16A7 /* SettingsViewController.swift */,
			);
			name = Controller;
			sourceTree = "<group>";
		};
		8AF5E42F1D5125F5006D16A7 /* Model */ = {
			isa = PBXGroup;
			children = (
				8AF5E4301D512619006D16A7 /* Data */,
				8AF5E3FE1D5125B0006D16A7 /* Classes.swift */,
				8AF5E4001D5125B0006D16A7 /* extensions.swift */,
				8AF5E4021D5125B0006D16A7 /* Filtros.swift */,
				8AF5E4031D5125B0006D16A7 /* Gasto.swift */,
				8AF5E40B1D5125B0006D16A7 /* PickerView.swift */,
				8AF5E40D1D5125B0006D16A7 /* quickSort.swift */,
				8AF5E4101D5125B0006D16A7 /* TableViewCell.swift */,
				8AF5E4141D5125B0006D16A7 /* User.swift */,
				8A25EE1D1E36713600116D67 /* ChartsFunctions.swift */,
				8A1463CF1E367F01000B5EE4 /* Piechart.swift */,
			);
			name = Model;
			sourceTree = "<group>";
		};
		8AF5E4301D512619006D16A7 /* Data */ = {
			isa = PBXGroup;
			children = (
				8AF5E4341D51307A006D16A7 /* Assets.xcassets */,
				8AF5E4311D5127D4006D16A7 /* Model.xcdatamodeld */,
				8AF5E3FD1D5125B0006D16A7 /* AppDelegate.swift */,
				8AF5E3FF1D5125B0006D16A7 /* DAOLocal.swift */,
				8AF5E4071D5125B0006D16A7 /* Info.plist */,
				8AF5E40F1D5125B0006D16A7 /* SimplePList.swift */,
				8AF5E4111D5125B0006D16A7 /* TsukushiAMaruGothic.ttc */,
				8AF5E4121D5125B0006D16A7 /* TsukushiBMaruGothic.ttc */,
				8AF5E4131D5125B0006D16A7 /* User.plist */,
				8AF5E3FC1D5125AF006D16A7 /* GasteiLocal-Bridging-Header.h */,
			);
			name = Data;
			sourceTree = "<group>";
		};
		A8DBDF5A59048CDFED527279 /* Frameworks */ = {
			isa = PBXGroup;
			children = (
				8A1463C41E367EC4000B5EE4 /* swift-piechart.xcodeproj */,
				8A25EE251E367AB400116D67 /* MapKit.framework */,
				8AEE93671E3664B700C99D24 /* Charts.xcodeproj */,
			);
			name = Frameworks;
			sourceTree = "<group>";
		};
/* End PBXGroup section */

/* Begin PBXNativeTarget section */
		8AF5E3DF1D5124CF006D16A7 /* GasteiLocal */ = {
			isa = PBXNativeTarget;
			buildConfigurationList = 8AF5E3F51D5124CF006D16A7 /* Build configuration list for PBXNativeTarget "GasteiLocal" */;
			buildPhases = (
				8AF5E3DC1D5124CF006D16A7 /* Sources */,
				8AF5E3DD1D5124CF006D16A7 /* Frameworks */,
				8AF5E3DE1D5124CF006D16A7 /* Resources */,
				9C1FE1181E365A8100EAC72F /* Embed Frameworks */,
			);
			buildRules = (
			);
			dependencies = (
				8AEE93761E36651400C99D24 /* PBXTargetDependency */,
			);
			name = GasteiLocal;
			productName = GasteiLocal;
			productReference = 8AF5E3E01D5124CF006D16A7 /* GasteiLocal.app */;
			productType = "com.apple.product-type.application";
		};
/* End PBXNativeTarget section */

/* Begin PBXProject section */
		8AF5E3D81D5124CF006D16A7 /* Project object */ = {
			isa = PBXProject;
			attributes = {
				LastSwiftUpdateCheck = 0730;
				LastUpgradeCheck = 0820;
				ORGANIZATIONNAME = "Andre Machado Parente";
				TargetAttributes = {
					8AF5E3DF1D5124CF006D16A7 = {
						CreatedOnToolsVersion = 7.3.1;
						DevelopmentTeam = C5676RKFWG;
						LastSwiftMigration = 0820;
						SystemCapabilities = {
							com.apple.Maps.iOS = {
								enabled = 0;
							};
						};
					};
				};
			};
			buildConfigurationList = 8AF5E3DB1D5124CF006D16A7 /* Build configuration list for PBXProject "GasteiLocal" */;
			compatibilityVersion = "Xcode 3.2";
			developmentRegion = English;
			hasScannedForEncodings = 0;
			knownRegions = (
				en,
				Base,
			);
			mainGroup = 8AF5E3D71D5124CF006D16A7;
			productRefGroup = 8AF5E3E11D5124CF006D16A7 /* Products */;
			projectDirPath = "";
			projectReferences = (
				{
					ProductGroup = 8AEE93681E3664B700C99D24 /* Products */;
					ProjectRef = 8AEE93671E3664B700C99D24 /* Charts.xcodeproj */;
				},
				{
					ProductGroup = 8A1463C51E367EC4000B5EE4 /* Products */;
					ProjectRef = 8A1463C41E367EC4000B5EE4 /* swift-piechart.xcodeproj */;
				},
			);
			projectRoot = "";
			targets = (
				8AF5E3DF1D5124CF006D16A7 /* GasteiLocal */,
			);
		};
/* End PBXProject section */

/* Begin PBXReferenceProxy section */
		8A1463CC1E367EC4000B5EE4 /* swift-piechart.app */ = {
			isa = PBXReferenceProxy;
			fileType = wrapper.application;
			path = "swift-piechart.app";
			remoteRef = 8A1463CB1E367EC4000B5EE4 /* PBXContainerItemProxy */;
			sourceTree = BUILT_PRODUCTS_DIR;
		};
		8A1463CE1E367EC4000B5EE4 /* swift-piechartTests.xctest */ = {
			isa = PBXReferenceProxy;
			fileType = wrapper.cfbundle;
			path = "swift-piechartTests.xctest";
			remoteRef = 8A1463CD1E367EC4000B5EE4 /* PBXContainerItemProxy */;
			sourceTree = BUILT_PRODUCTS_DIR;
		};
		8AEE936E1E3664B700C99D24 /* Charts.framework */ = {
			isa = PBXReferenceProxy;
			fileType = wrapper.framework;
			path = Charts.framework;
			remoteRef = 8AEE936D1E3664B700C99D24 /* PBXContainerItemProxy */;
			sourceTree = BUILT_PRODUCTS_DIR;
		};
		8AEE93701E3664B700C99D24 /* ChartsRealm.framework */ = {
			isa = PBXReferenceProxy;
			fileType = wrapper.framework;
			path = ChartsRealm.framework;
			remoteRef = 8AEE936F1E3664B700C99D24 /* PBXContainerItemProxy */;
			sourceTree = BUILT_PRODUCTS_DIR;
		};
		8AEE93721E3664B700C99D24 /* ChartsTests.xctest */ = {
			isa = PBXReferenceProxy;
			fileType = wrapper.cfbundle;
			path = ChartsTests.xctest;
			remoteRef = 8AEE93711E3664B700C99D24 /* PBXContainerItemProxy */;
			sourceTree = BUILT_PRODUCTS_DIR;
		};
/* End PBXReferenceProxy section */

/* Begin PBXResourcesBuildPhase section */
		8AF5E3DE1D5124CF006D16A7 /* Resources */ = {
			isa = PBXResourcesBuildPhase;
			buildActionMask = 2147483647;
			files = (
				8AF5E42A1D5125B0006D16A7 /* TsukushiBMaruGothic.ttc in Resources */,
				8AF5E42B1D5125B0006D16A7 /* User.plist in Resources */,
				8AF5E4291D5125B0006D16A7 /* TsukushiAMaruGothic.ttc in Resources */,
				8AF5E3FA1D512556006D16A7 /* LaunchScreen.storyboard in Resources */,
				8AF5E4351D51307A006D16A7 /* Assets.xcassets in Resources */,
				8AF5E3FB1D512556006D16A7 /* Main.storyboard in Resources */,
			);
			runOnlyForDeploymentPostprocessing = 0;
		};
/* End PBXResourcesBuildPhase section */

/* Begin PBXSourcesBuildPhase section */
		8AF5E3DC1D5124CF006D16A7 /* Sources */ = {
			isa = PBXSourcesBuildPhase;
			buildActionMask = 2147483647;
			files = (
				8AF5E4161D5125B0006D16A7 /* Classes.swift in Sources */,
				8AF5E4171D5125B0006D16A7 /* DAOLocal.swift in Sources */,
				8AF5E41E1D5125B0006D16A7 /* HistoricoTabelaViewController.swift in Sources */,
				8AF5E4211D5125B0006D16A7 /* MainViewController.swift in Sources */,
				8AF5E4281D5125B0006D16A7 /* TableViewCell.swift in Sources */,
				8A1463D01E367F01000B5EE4 /* Piechart.swift in Sources */,
				8AF5E41D1D5125B0006D16A7 /* GraficoViewController.swift in Sources */,
				8AF5E41B1D5125B0006D16A7 /* Gasto.swift in Sources */,
				8AF5E4151D5125B0006D16A7 /* AppDelegate.swift in Sources */,
				8AF5E42C1D5125B0006D16A7 /* User.swift in Sources */,
				8AF5E4181D5125B0006D16A7 /* extensions.swift in Sources */,
				8AF5E4201D5125B0006D16A7 /* LoginCLoudViewController.swift in Sources */,
				8AF5E4241D5125B0006D16A7 /* QRCodeViewController.swift in Sources */,
				8A25EE1E1E36713600116D67 /* ChartsFunctions.swift in Sources */,
				8AF5E41C1D5125B0006D16A7 /* GastoManualViewController.swift in Sources */,
				8AF5E4221D5125B0006D16A7 /* OrdenarViewController.swift in Sources */,
				8AF5E4261D5125B0006D16A7 /* SettingsViewController.swift in Sources */,
				8AF5E4191D5125B0006D16A7 /* FiltrarViewController.swift in Sources */,
				8AF5E4231D5125B0006D16A7 /* PickerView.swift in Sources */,
				8AF5E4331D5127D4006D16A7 /* Model.xcdatamodeld in Sources */,
				8AF5E41A1D5125B0006D16A7 /* Filtros.swift in Sources */,
				8AF5E4271D5125B0006D16A7 /* SimplePList.swift in Sources */,
				8AF5E4251D5125B0006D16A7 /* quickSort.swift in Sources */,
			);
			runOnlyForDeploymentPostprocessing = 0;
		};
/* End PBXSourcesBuildPhase section */

/* Begin PBXTargetDependency section */
		8AEE93761E36651400C99D24 /* PBXTargetDependency */ = {
			isa = PBXTargetDependency;
			name = Charts;
			targetProxy = 8AEE93751E36651400C99D24 /* PBXContainerItemProxy */;
		};
/* End PBXTargetDependency section */

/* Begin XCBuildConfiguration section */
		8AF5E3F31D5124CF006D16A7 /* Debug */ = {
			isa = XCBuildConfiguration;
			buildSettings = {
				ALWAYS_SEARCH_USER_PATHS = NO;
				CLANG_ANALYZER_NONNULL = YES;
				CLANG_CXX_LANGUAGE_STANDARD = "gnu++0x";
				CLANG_CXX_LIBRARY = "libc++";
				CLANG_ENABLE_MODULES = YES;
				CLANG_ENABLE_OBJC_ARC = YES;
				CLANG_WARN_BOOL_CONVERSION = YES;
				CLANG_WARN_CONSTANT_CONVERSION = YES;
				CLANG_WARN_DIRECT_OBJC_ISA_USAGE = YES_ERROR;
				CLANG_WARN_EMPTY_BODY = YES;
				CLANG_WARN_ENUM_CONVERSION = YES;
				CLANG_WARN_INFINITE_RECURSION = YES;
				CLANG_WARN_INT_CONVERSION = YES;
				CLANG_WARN_OBJC_ROOT_CLASS = YES_ERROR;
				CLANG_WARN_SUSPICIOUS_MOVE = YES;
				CLANG_WARN_UNREACHABLE_CODE = YES;
				CLANG_WARN__DUPLICATE_METHOD_MATCH = YES;
				"CODE_SIGN_IDENTITY[sdk=iphoneos*]" = "iPhone Developer";
				COPY_PHASE_STRIP = NO;
				DEBUG_INFORMATION_FORMAT = dwarf;
				ENABLE_STRICT_OBJC_MSGSEND = YES;
				ENABLE_TESTABILITY = YES;
				GCC_C_LANGUAGE_STANDARD = gnu99;
				GCC_DYNAMIC_NO_PIC = NO;
				GCC_NO_COMMON_BLOCKS = YES;
				GCC_OPTIMIZATION_LEVEL = 0;
				GCC_PREPROCESSOR_DEFINITIONS = (
					"DEBUG=1",
					"$(inherited)",
				);
				GCC_WARN_64_TO_32_BIT_CONVERSION = YES;
				GCC_WARN_ABOUT_RETURN_TYPE = YES_ERROR;
				GCC_WARN_UNDECLARED_SELECTOR = YES;
				GCC_WARN_UNINITIALIZED_AUTOS = YES_AGGRESSIVE;
				GCC_WARN_UNUSED_FUNCTION = YES;
				GCC_WARN_UNUSED_VARIABLE = YES;
				IPHONEOS_DEPLOYMENT_TARGET = 9.3;
				MTL_ENABLE_DEBUG_INFO = YES;
				ONLY_ACTIVE_ARCH = YES;
				SDKROOT = iphoneos;
				SWIFT_OPTIMIZATION_LEVEL = "-Onone";
			};
			name = Debug;
		};
		8AF5E3F41D5124CF006D16A7 /* Release */ = {
			isa = XCBuildConfiguration;
			buildSettings = {
				ALWAYS_SEARCH_USER_PATHS = NO;
				CLANG_ANALYZER_NONNULL = YES;
				CLANG_CXX_LANGUAGE_STANDARD = "gnu++0x";
				CLANG_CXX_LIBRARY = "libc++";
				CLANG_ENABLE_MODULES = YES;
				CLANG_ENABLE_OBJC_ARC = YES;
				CLANG_WARN_BOOL_CONVERSION = YES;
				CLANG_WARN_CONSTANT_CONVERSION = YES;
				CLANG_WARN_DIRECT_OBJC_ISA_USAGE = YES_ERROR;
				CLANG_WARN_EMPTY_BODY = YES;
				CLANG_WARN_ENUM_CONVERSION = YES;
				CLANG_WARN_INFINITE_RECURSION = YES;
				CLANG_WARN_INT_CONVERSION = YES;
				CLANG_WARN_OBJC_ROOT_CLASS = YES_ERROR;
				CLANG_WARN_SUSPICIOUS_MOVE = YES;
				CLANG_WARN_UNREACHABLE_CODE = YES;
				CLANG_WARN__DUPLICATE_METHOD_MATCH = YES;
				"CODE_SIGN_IDENTITY[sdk=iphoneos*]" = "iPhone Developer";
				COPY_PHASE_STRIP = NO;
				DEBUG_INFORMATION_FORMAT = "dwarf-with-dsym";
				ENABLE_NS_ASSERTIONS = NO;
				ENABLE_STRICT_OBJC_MSGSEND = YES;
				GCC_C_LANGUAGE_STANDARD = gnu99;
				GCC_NO_COMMON_BLOCKS = YES;
				GCC_WARN_64_TO_32_BIT_CONVERSION = YES;
				GCC_WARN_ABOUT_RETURN_TYPE = YES_ERROR;
				GCC_WARN_UNDECLARED_SELECTOR = YES;
				GCC_WARN_UNINITIALIZED_AUTOS = YES_AGGRESSIVE;
				GCC_WARN_UNUSED_FUNCTION = YES;
				GCC_WARN_UNUSED_VARIABLE = YES;
				IPHONEOS_DEPLOYMENT_TARGET = 9.3;
				MTL_ENABLE_DEBUG_INFO = NO;
				SDKROOT = iphoneos;
				SWIFT_OPTIMIZATION_LEVEL = "-Owholemodule";
				VALIDATE_PRODUCT = YES;
			};
			name = Release;
		};
		8AF5E3F61D5124CF006D16A7 /* Debug */ = {
			isa = XCBuildConfiguration;
			buildSettings = {
				ALWAYS_EMBED_SWIFT_STANDARD_LIBRARIES = YES;
				ASSETCATALOG_COMPILER_APPICON_NAME = AppIcon;
				CLANG_ENABLE_MODULES = YES;
				DEVELOPMENT_TEAM = C5676RKFWG;
				INFOPLIST_FILE = GasteiLocal/Info.plist;
				LD_RUNPATH_SEARCH_PATHS = "$(inherited) @executable_path/Frameworks";
				PRODUCT_BUNDLE_IDENTIFIER = com.andremachadoparente.GasteiLocal;
				PRODUCT_NAME = "$(TARGET_NAME)";
				SWIFT_OBJC_BRIDGING_HEADER = "GasteiLocal/GasteiLocal-Bridging-Header.h";
				SWIFT_OPTIMIZATION_LEVEL = "-Onone";
				SWIFT_VERSION = 3.0;
			};
			name = Debug;
		};
		8AF5E3F71D5124CF006D16A7 /* Release */ = {
			isa = XCBuildConfiguration;
			buildSettings = {
				ALWAYS_EMBED_SWIFT_STANDARD_LIBRARIES = YES;
				ASSETCATALOG_COMPILER_APPICON_NAME = AppIcon;
				CLANG_ENABLE_MODULES = YES;
				DEVELOPMENT_TEAM = C5676RKFWG;
				INFOPLIST_FILE = GasteiLocal/Info.plist;
				LD_RUNPATH_SEARCH_PATHS = "$(inherited) @executable_path/Frameworks";
				"OTHER_LDFLAGS[arch=*]" = "$(inherited)";
				PRODUCT_BUNDLE_IDENTIFIER = com.andremachadoparente.GasteiLocal;
				PRODUCT_NAME = "$(TARGET_NAME)";
				SWIFT_OBJC_BRIDGING_HEADER = "GasteiLocal/GasteiLocal-Bridging-Header.h";
				SWIFT_VERSION = 3.0;
			};
			name = Release;
		};
/* End XCBuildConfiguration section */

/* Begin XCConfigurationList section */
		8AF5E3DB1D5124CF006D16A7 /* Build configuration list for PBXProject "GasteiLocal" */ = {
			isa = XCConfigurationList;
			buildConfigurations = (
				8AF5E3F31D5124CF006D16A7 /* Debug */,
				8AF5E3F41D5124CF006D16A7 /* Release */,
			);
			defaultConfigurationIsVisible = 0;
			defaultConfigurationName = Release;
		};
		8AF5E3F51D5124CF006D16A7 /* Build configuration list for PBXNativeTarget "GasteiLocal" */ = {
			isa = XCConfigurationList;
			buildConfigurations = (
				8AF5E3F61D5124CF006D16A7 /* Debug */,
				8AF5E3F71D5124CF006D16A7 /* Release */,
			);
			defaultConfigurationIsVisible = 0;
			defaultConfigurationName = Release;
		};
/* End XCConfigurationList section */

/* Begin XCVersionGroup section */
		8AF5E4311D5127D4006D16A7 /* Model.xcdatamodeld */ = {
			isa = XCVersionGroup;
			children = (
				8AF5E4321D5127D4006D16A7 /* Model.xcdatamodel */,
			);
			currentVersion = 8AF5E4321D5127D4006D16A7 /* Model.xcdatamodel */;
			path = Model.xcdatamodeld;
			sourceTree = "<group>";
			versionGroupType = wrapper.xcdatamodel;
		};
/* End XCVersionGroup section */
	};
	rootObject = 8AF5E3D81D5124CF006D16A7 /* Project object */;
}
